// !$*UTF8*$!
{
	archiveVersion = 1;
	classes = {
	};
	objectVersion = 77;
	objects = {

/* Begin PBXBuildFile section */
		061A3640E835D9F07465EB67 /* AppDelegate.swift in Sources */ = {isa = PBXBuildFile; fileRef = 64A19F589A79C08D7B78E691 /* AppDelegate.swift */; };
		0A06F55AFB50A5C4EC40A0C9 /* UnetonWatch.app in Embed Watch Content */ = {isa = PBXBuildFile; fileRef = B939DDA8AE5699557A5FA6B3 /* UnetonWatch.app */; settings = {ATTRIBUTES = (RemoveHeadersOnCopy, ); }; };
		0AE8D08DB064AAA222E8B1CE /* PrivacyInfo.xcprivacy in Resources */ = {isa = PBXBuildFile; fileRef = B293649851B1A89B1E172B15 /* PrivacyInfo.xcprivacy */; };
		0B91E39FC61F020E77DF8521 /* capture-_.familySetup.png in Resources */ = {isa = PBXBuildFile; fileRef = 3C8893A3594EB823C661CF83 /* capture-_.familySetup.png */; };
		0BA2287994E4486BC0EA1A4D /* ReminderController.swift in Sources */ = {isa = PBXBuildFile; fileRef = 31B794393108E5A174E3327F /* ReminderController.swift */; };
		0D8DA5E00B5F06B8947F7A50 /* Tagged in Frameworks */ = {isa = PBXBuildFile; productRef = 2D7F139B42F265E12A43CFEC /* Tagged */; };
		130F4B4B302ECD46F5C30144 /* capture-_.familyManagementSheet.png in Resources */ = {isa = PBXBuildFile; fileRef = B126AFF572A9B3185BA16C37 /* capture-_.familyManagementSheet.png */; };
		1FAC62EB3331253BBB63FCEC /* FamilySetup.swift in Sources */ = {isa = PBXBuildFile; fileRef = D67A960B662346DAFA52918F /* FamilySetup.swift */; };
		1FE1E4D54037C47A74F5F7C3 /* UnetonWidgets.appex in Embed Foundation Extensions */ = {isa = PBXBuildFile; fileRef = E559806C9EB49DB6CD0CB7B2 /* UnetonWidgets.appex */; settings = {ATTRIBUTES = (RemoveHeadersOnCopy, ); }; };
		277371375578159F4D765AAE /* SessionStore.swift in Sources */ = {isa = PBXBuildFile; fileRef = 93442058261D164D125FE85A /* SessionStore.swift */; };
		27BDDD0B1DAF19C0D517BA04 /* GrowthEntry.swift in Sources */ = {isa = PBXBuildFile; fileRef = 423880E6A053D48080C50C45 /* GrowthEntry.swift */; };
		29C1F854C1AB5BA96CFDE9FE /* capture-_.childEditorSheet.png in Resources */ = {isa = PBXBuildFile; fileRef = 3271E7652D9B314F4E6546FC /* capture-_.childEditorSheet.png */; };
		2A50BABCAE347A1F309FEE8F /* DemoRuntime.swift in Sources */ = {isa = PBXBuildFile; fileRef = 28A5777B90BA88C36670DCB1 /* DemoRuntime.swift */; };
		2C26B83CC603AC626C6B7195 /* TemperatureEntry.swift in Sources */ = {isa = PBXBuildFile; fileRef = 1B2C25DAD59C55EE96BD82B9 /* TemperatureEntry.swift */; };
		31435D6C1E99F573422650FB /* SnapshotTesting in Frameworks */ = {isa = PBXBuildFile; productRef = 98FF8790ABA3E818C0847C23 /* SnapshotTesting */; };
		316D502577DE587D9F1B1F0D /* PhoneWatchBridge.swift in Sources */ = {isa = PBXBuildFile; fileRef = AD9758664132AB21584A96AC /* PhoneWatchBridge.swift */; };
		32E347573C4C49842ABB92CC /* SessionAuthClient.swift in Sources */ = {isa = PBXBuildFile; fileRef = C28DF7DBFEC8C4705D78AB09 /* SessionAuthClient.swift */; };
		358CD8F31FC926F168F67669 /* TimelineScreen.swift in Sources */ = {isa = PBXBuildFile; fileRef = 16F8A18EB8BF393F83693600 /* TimelineScreen.swift */; };
		387D39CFB57884849BB0630C /* ComposableArchitecture2 in Frameworks */ = {isa = PBXBuildFile; productRef = 5378E6759E7E1B38F4036EC0 /* ComposableArchitecture2 */; };
		3B0FF6F63F8DD2BA7F462439 /* SleepClouds.metal in Sources */ = {isa = PBXBuildFile; fileRef = 710F730A2622DB5804A7817C /* SleepClouds.metal */; };
		3B7DAE732B26801D11C1CFA1 /* FamilySharingSheet.swift in Sources */ = {isa = PBXBuildFile; fileRef = F3F15C777BE34447380DD7B9 /* FamilySharingSheet.swift */; };
		3BA1CD4EFC422A602624FC1C /* WatchScreenshots.swift in Sources */ = {isa = PBXBuildFile; fileRef = BDB524314DCF138197CE6AED /* WatchScreenshots.swift */; };
		3C08A43A502962F34CA213DC /* ScreenSnapshots.swift in Sources */ = {isa = PBXBuildFile; fileRef = 692C9E34A3795E4E1E2BDBF7 /* ScreenSnapshots.swift */; };
		3F35AE246D64A600D912FA43 /* capture-_.insightsTab.png in Resources */ = {isa = PBXBuildFile; fileRef = 8D288C99648B3BB2FA368168 /* capture-_.insightsTab.png */; };
		3F67A8EC57D51FC25A4BE656 /* SleepEntrySheet.swift in Sources */ = {isa = PBXBuildFile; fileRef = 8BFF0F8EAD4BC4114DEFF87D /* SleepEntrySheet.swift */; };
		4468E70B0AB32E0B1B80E3AD /* TemperatureEntrySheet.swift in Sources */ = {isa = PBXBuildFile; fileRef = 5BA61613A67C5F9CB1A059CB /* TemperatureEntrySheet.swift */; };
		49FEEF5C8775506127FB5745 /* UnetonCore in Frameworks */ = {isa = PBXBuildFile; productRef = C84A1DF20438133E612C8513 /* UnetonCore */; };
		503C1297883A78D0B857765E /* UnetonApp.swift in Sources */ = {isa = PBXBuildFile; fileRef = D31FE1C3ACB3CB882029856B /* UnetonApp.swift */; };
		505EBAA33B21B2743A28CAD7 /* CredentialStore.swift in Sources */ = {isa = PBXBuildFile; fileRef = A0009D16CB7EAFD3C94AEB10 /* CredentialStore.swift */; };
		52DC98A03CFA511F2903B30E /* capture-_.onboarding.png in Resources */ = {isa = PBXBuildFile; fileRef = B36C2E2107DD081F376A34E1 /* capture-_.onboarding.png */; };
		53891DFA9A38D347B1623FF7 /* UnetonActivity in Frameworks */ = {isa = PBXBuildFile; productRef = 23C61FE5E1FD5C9379CAB8CF /* UnetonActivity */; };
		57A1B60B1B857FD9B331A12A /* OnboardingView.swift in Sources */ = {isa = PBXBuildFile; fileRef = EDAD222EC74D1E70C07EE4D4 /* OnboardingView.swift */; };
		5847C7258A512BE98E79C236 /* AppRoot.swift in Sources */ = {isa = PBXBuildFile; fileRef = FE4BF9CB614BD8383EA46E3C /* AppRoot.swift */; };
		5C8FD5987FFF4A94DBCADC76 /* capture-_.syncConflictsSheet.png in Resources */ = {isa = PBXBuildFile; fileRef = A813E55B8E67F20DEC32C945 /* capture-_.syncConflictsSheet.png */; };
		676259D2761A25E5EEE0415D /* SyncConflictsSheet.swift in Sources */ = {isa = PBXBuildFile; fileRef = CCA4BA7AF40DB25E721915A1 /* SyncConflictsSheet.swift */; };
		6A5A5E350452019851ECF0B0 /* Onboarding.swift in Sources */ = {isa = PBXBuildFile; fileRef = C449A99D10D28759FD0E4F13 /* Onboarding.swift */; };
		6C871D010C72683AE72B3F59 /* FamilyManagement.swift in Sources */ = {isa = PBXBuildFile; fileRef = 539E981CF395ADD8FB6F4A7B /* FamilyManagement.swift */; };
		6DCAA7A90DD049D71141218E /* DisplayClock.swift in Sources */ = {isa = PBXBuildFile; fileRef = 82803025A1AFBF44B863CFC7 /* DisplayClock.swift */; };
		6E6D55F9E412E08C2DADE3F8 /* FamilySync.swift in Sources */ = {isa = PBXBuildFile; fileRef = B5F945BC674777D2A0DEB1BA /* FamilySync.swift */; };
		707080C16FCA4B9794586321 /* capture-_-size-name.lockScreen.png in Resources */ = {isa = PBXBuildFile; fileRef = EFB649923BF006E6AF9B4F23 /* capture-_-size-name.lockScreen.png */; };
		75403028B84412E1F1236D46 /* UnetonActivity in Frameworks */ = {isa = PBXBuildFile; productRef = D8550C2501F7A8807B6C0F66 /* UnetonActivity */; };
		7552C6C49492BC08F2098244 /* capture-_-size-name.expandedIsland.png in Resources */ = {isa = PBXBuildFile; fileRef = 38376736129AAB287CA94BA0 /* capture-_-size-name.expandedIsland.png */; };
		776E41E259D54BB9647721BB /* Assets.xcassets in Resources */ = {isa = PBXBuildFile; fileRef = 57CD1A2D27F650526FE3F833 /* Assets.xcassets */; };
		7B0AC7E48D6CA990D4C033C3 /* LiveActivityController.swift in Sources */ = {isa = PBXBuildFile; fileRef = 95FC0EB3F083AB0587264171 /* LiveActivityController.swift */; };
		7B57111B8737418AFA486CE6 /* FamilyManagementView.swift in Sources */ = {isa = PBXBuildFile; fileRef = 4527DA3A60F647DE5F65A302 /* FamilyManagementView.swift */; };
		7EE9F7B1BE2D150CC89A5B30 /* UnetonActivity in Frameworks */ = {isa = PBXBuildFile; productRef = E8389CBA533E782935A9D730 /* UnetonActivity */; };
		80D8EAD7366BA3498D2CA583 /* SessionSyncClient.swift in Sources */ = {isa = PBXBuildFile; fileRef = 37BBA6E529FDA150CF89123E /* SessionSyncClient.swift */; };
		8200EDDC66C07FAAC8CC554F /* AppRootTests.swift in Sources */ = {isa = PBXBuildFile; fileRef = AABFE71EE585F9949FCABD7B /* AppRootTests.swift */; };
		8E2711AC8695F397CD65A426 /* QRCodeImage.swift in Sources */ = {isa = PBXBuildFile; fileRef = 0B9EB5E1E7CFB04D29881E5E /* QRCodeImage.swift */; };
		8EE54E1B5A784BE1C400AD74 /* capture-_.familySharingSheet.png in Resources */ = {isa = PBXBuildFile; fileRef = EBEE8C6312B8DF21A8E37969 /* capture-_.familySharingSheet.png */; };
		936F390DF0F0C05C34C2AB43 /* TrendsView.swift in Sources */ = {isa = PBXBuildFile; fileRef = DAB609F8585FE0509A18A8E8 /* TrendsView.swift */; };
		93BC36FF9698B9C2384B8700 /* ContentView.swift in Sources */ = {isa = PBXBuildFile; fileRef = 0355076EEF872FB482B7B4DA /* ContentView.swift */; };
		943A7AE56109F41DE68AE53F /* capture-_.sleepEntrySheet.png in Resources */ = {isa = PBXBuildFile; fileRef = 3CC64DF0D2640D8A806E4A61 /* capture-_.sleepEntrySheet.png */; };
		968654C9314D6BA38D616C59 /* UnetonCore in Frameworks */ = {isa = PBXBuildFile; productRef = F7C4691974BB5222DB4FB72B /* UnetonCore */; };
		9FB29DA789A21B093A3A7E6F /* GrowthEntrySheet.swift in Sources */ = {isa = PBXBuildFile; fileRef = 0568021077504D52C0EF97B3 /* GrowthEntrySheet.swift */; };
		A59550D2F837669BA623FF23 /* SessionSharingClient.swift in Sources */ = {isa = PBXBuildFile; fileRef = 8A0DADBE7FF9017AE001C683 /* SessionSharingClient.swift */; };
		A7725E23F0EADF4E64BA85E6 /* PushRegistrationController.swift in Sources */ = {isa = PBXBuildFile; fileRef = B095ADAA98D2DA6DE3FD15CD /* PushRegistrationController.swift */; };
		AA9927ED41D014DDAE28B040 /* SessionDiaryClient.swift in Sources */ = {isa = PBXBuildFile; fileRef = FEF41DE4E9DE152F3E348674 /* SessionDiaryClient.swift */; };
		AD64E2DEAC71198676913138 /* SessionFamilyClient.swift in Sources */ = {isa = PBXBuildFile; fileRef = 671EF5C0D472AEFBBE04C34A /* SessionFamilyClient.swift */; };
		B6BDAAEF23ABC94928AB4B6A /* ActivitySnapshots.swift in Sources */ = {isa = PBXBuildFile; fileRef = 10202B305F3615FE103CAC95 /* ActivitySnapshots.swift */; };
		B6CFC3472DA862AE66987473 /* LegalLinks.swift in Sources */ = {isa = PBXBuildFile; fileRef = FFCE5078F862205198575D9A /* LegalLinks.swift */; };
		B82165B65D1E9A2D54FECECC /* capture-_.temperatureTab.png in Resources */ = {isa = PBXBuildFile; fileRef = 1B00CFB9F4A5AD97A660B009 /* capture-_.temperatureTab.png */; };
		B8DBF9D70A6713E52C0B647A /* capture-_.growthEntrySheet.png in Resources */ = {isa = PBXBuildFile; fileRef = 4FC02C1D697CDD4E05DFC2CC /* capture-_.growthEntrySheet.png */; };
		BEFE7CDE95F4D27ADACFCF67 /* UnetonWatchApp.swift in Sources */ = {isa = PBXBuildFile; fileRef = 15EA75C38B7B9913EFAF8D3C /* UnetonWatchApp.swift */; };
		C5071F7322E5584706D06B10 /* UnetonWidgets.swift in Sources */ = {isa = PBXBuildFile; fileRef = BBA9C6F0A3F7C533AFAA3988 /* UnetonWidgets.swift */; };
		CEDA28F3996277488E0A0F6A /* ComposableArchitectureTestSupport in Frameworks */ = {isa = PBXBuildFile; productRef = 06B60E57F5A920DA240B84E9 /* ComposableArchitectureTestSupport */; };
		D507085F179846B6F3B6E444 /* FamilySharing.swift in Sources */ = {isa = PBXBuildFile; fileRef = 1DF29C953864C252FCF044CB /* FamilySharing.swift */; };
		D8DCE27E0D3B93B596D70457 /* FamilySetupView.swift in Sources */ = {isa = PBXBuildFile; fileRef = 52CAFE9F48549066A86A59E2 /* FamilySetupView.swift */; };
		E1018104A4399F3B84036C3E /* capture-_.invitationScannerSheet.png in Resources */ = {isa = PBXBuildFile; fileRef = FA2052494B4601933892ADB7 /* capture-_.invitationScannerSheet.png */; };
		EC01897EBECD1DE0DD1AE199 /* AppleCredentialMonitor.swift in Sources */ = {isa = PBXBuildFile; fileRef = BAE597D474D61696F33CA8BF /* AppleCredentialMonitor.swift */; };
		EC1E4DD48E43C5823839F3B5 /* SessionFamilyManagementClient.swift in Sources */ = {isa = PBXBuildFile; fileRef = 4EAAA4CB8504298797ECDDCD /* SessionFamilyManagementClient.swift */; };
		EE1ADB9F3E5D5E74266732FE /* DemoRuntimeTests.swift in Sources */ = {isa = PBXBuildFile; fileRef = 019129055CD5E615545FAF11 /* DemoRuntimeTests.swift */; };
		EEE0A15756165F4B81E941F0 /* SleepEntry.swift in Sources */ = {isa = PBXBuildFile; fileRef = E2F4A75ED9D0A2A724B618E2 /* SleepEntry.swift */; };
		F0E5C061F7BB4C7A4AD21404 /* UnetonCore in Frameworks */ = {isa = PBXBuildFile; productRef = DA4F68CF578D30CB531BB6B4 /* UnetonCore */; };
		F20340D32620C4663C7D752B /* capture-_.sleepTab.png in Resources */ = {isa = PBXBuildFile; fileRef = 98FEF8EDC60C3CF7EB46791A /* capture-_.sleepTab.png */; };
		F8EB13CC2F2F014D1E8710AE /* ScreenFixtures.swift in Sources */ = {isa = PBXBuildFile; fileRef = E4DB8CAA3A832C30BCE05821 /* ScreenFixtures.swift */; };
		FC6F5B262364DC730F996A0A /* capture-_.growthTab.png in Resources */ = {isa = PBXBuildFile; fileRef = D58380A9DCEFB4EB3EDA19ED /* capture-_.growthTab.png */; };
/* End PBXBuildFile section */

/* Begin PBXContainerItemProxy section */
		72D65294BC9F6DBA27C3B899 /* PBXContainerItemProxy */ = {
			isa = PBXContainerItemProxy;
			containerPortal = FC13656015A5F83334D609C9 /* Project object */;
			proxyType = 1;
			remoteGlobalIDString = 022A31759683A52F50E337E4;
			remoteInfo = UnetonWatch;
		};
		7BC3C28C5BFE685781C3F0EA /* PBXContainerItemProxy */ = {
			isa = PBXContainerItemProxy;
			containerPortal = FC13656015A5F83334D609C9 /* Project object */;
			proxyType = 1;
			remoteGlobalIDString = 85395317338525255851B68F;
			remoteInfo = UnetonWidgets;
		};
		8A36E288C0A7538884478307 /* PBXContainerItemProxy */ = {
			isa = PBXContainerItemProxy;
			containerPortal = FC13656015A5F83334D609C9 /* Project object */;
			proxyType = 1;
			remoteGlobalIDString = 022A31759683A52F50E337E4;
			remoteInfo = UnetonWatch;
		};
		AB80CC8728EC3C6A786D8D70 /* PBXContainerItemProxy */ = {
			isa = PBXContainerItemProxy;
			containerPortal = FC13656015A5F83334D609C9 /* Project object */;
			proxyType = 1;
			remoteGlobalIDString = DB17E4CD9882CC55F866C16D;
			remoteInfo = Uneton;
		};
/* End PBXContainerItemProxy section */

/* Begin PBXCopyFilesBuildPhase section */
		02F5B8AB7351B03BDB49B407 /* Embed Foundation Extensions */ = {
			isa = PBXCopyFilesBuildPhase;
			buildActionMask = 2147483647;
			dstPath = "";
			dstSubfolderSpec = 13;
			files = (
				1FE1E4D54037C47A74F5F7C3 /* UnetonWidgets.appex in Embed Foundation Extensions */,
			);
			name = "Embed Foundation Extensions";
			runOnlyForDeploymentPostprocessing = 0;
		};
		2CE86642980997E3B549D61D /* Embed Watch Content */ = {
			isa = PBXCopyFilesBuildPhase;
			buildActionMask = 2147483647;
			dstPath = "$(CONTENTS_FOLDER_PATH)/Watch";
			dstSubfolderSpec = 16;
			files = (
				0A06F55AFB50A5C4EC40A0C9 /* UnetonWatch.app in Embed Watch Content */,
			);
			name = "Embed Watch Content";
			runOnlyForDeploymentPostprocessing = 0;
		};
/* End PBXCopyFilesBuildPhase section */

/* Begin PBXFileReference section */
		019129055CD5E615545FAF11 /* DemoRuntimeTests.swift */ = {isa = PBXFileReference; lastKnownFileType = sourcecode.swift; path = DemoRuntimeTests.swift; sourceTree = "<group>"; };
		023508B3AC21DEDB2315129E /* UnetonTests.xctest */ = {isa = PBXFileReference; includeInIndex = 0; lastKnownFileType = wrapper.cfbundle; path = UnetonTests.xctest; sourceTree = BUILT_PRODUCTS_DIR; };
		0355076EEF872FB482B7B4DA /* ContentView.swift */ = {isa = PBXFileReference; lastKnownFileType = sourcecode.swift; path = ContentView.swift; sourceTree = "<group>"; };
		0568021077504D52C0EF97B3 /* GrowthEntrySheet.swift */ = {isa = PBXFileReference; lastKnownFileType = sourcecode.swift; path = GrowthEntrySheet.swift; sourceTree = "<group>"; };
		0B9EB5E1E7CFB04D29881E5E /* QRCodeImage.swift */ = {isa = PBXFileReference; lastKnownFileType = sourcecode.swift; path = QRCodeImage.swift; sourceTree = "<group>"; };
		10202B305F3615FE103CAC95 /* ActivitySnapshots.swift */ = {isa = PBXFileReference; lastKnownFileType = sourcecode.swift; path = ActivitySnapshots.swift; sourceTree = "<group>"; };
		15EA75C38B7B9913EFAF8D3C /* UnetonWatchApp.swift */ = {isa = PBXFileReference; lastKnownFileType = sourcecode.swift; path = UnetonWatchApp.swift; sourceTree = "<group>"; };
		16F8A18EB8BF393F83693600 /* TimelineScreen.swift */ = {isa = PBXFileReference; lastKnownFileType = sourcecode.swift; path = TimelineScreen.swift; sourceTree = "<group>"; };
		1B00CFB9F4A5AD97A660B009 /* capture-_.temperatureTab.png */ = {isa = PBXFileReference; lastKnownFileType = image.png; path = "capture-_.temperatureTab.png"; sourceTree = "<group>"; };
		1B2C25DAD59C55EE96BD82B9 /* TemperatureEntry.swift */ = {isa = PBXFileReference; lastKnownFileType = sourcecode.swift; path = TemperatureEntry.swift; sourceTree = "<group>"; };
		1DF29C953864C252FCF044CB /* FamilySharing.swift */ = {isa = PBXFileReference; lastKnownFileType = sourcecode.swift; path = FamilySharing.swift; sourceTree = "<group>"; };
		28A5777B90BA88C36670DCB1 /* DemoRuntime.swift */ = {isa = PBXFileReference; lastKnownFileType = sourcecode.swift; path = DemoRuntime.swift; sourceTree = "<group>"; };
		31B794393108E5A174E3327F /* ReminderController.swift */ = {isa = PBXFileReference; lastKnownFileType = sourcecode.swift; path = ReminderController.swift; sourceTree = "<group>"; };
		3271E7652D9B314F4E6546FC /* capture-_.childEditorSheet.png */ = {isa = PBXFileReference; lastKnownFileType = image.png; path = "capture-_.childEditorSheet.png"; sourceTree = "<group>"; };
		37BBA6E529FDA150CF89123E /* SessionSyncClient.swift */ = {isa = PBXFileReference; lastKnownFileType = sourcecode.swift; path = SessionSyncClient.swift; sourceTree = "<group>"; };
		38376736129AAB287CA94BA0 /* capture-_-size-name.expandedIsland.png */ = {isa = PBXFileReference; lastKnownFileType = image.png; path = "capture-_-size-name.expandedIsland.png"; sourceTree = "<group>"; };
		3C8893A3594EB823C661CF83 /* capture-_.familySetup.png */ = {isa = PBXFileReference; lastKnownFileType = image.png; path = "capture-_.familySetup.png"; sourceTree = "<group>"; };
		3CC64DF0D2640D8A806E4A61 /* capture-_.sleepEntrySheet.png */ = {isa = PBXFileReference; lastKnownFileType = image.png; path = "capture-_.sleepEntrySheet.png"; sourceTree = "<group>"; };
		3D896FB7D71440107A4ABABE /* Info.plist */ = {isa = PBXFileReference; lastKnownFileType = text.plist; path = Info.plist; sourceTree = "<group>"; };
		423880E6A053D48080C50C45 /* GrowthEntry.swift */ = {isa = PBXFileReference; lastKnownFileType = sourcecode.swift; path = GrowthEntry.swift; sourceTree = "<group>"; };
		4527DA3A60F647DE5F65A302 /* FamilyManagementView.swift */ = {isa = PBXFileReference; lastKnownFileType = sourcecode.swift; path = FamilyManagementView.swift; sourceTree = "<group>"; };
		45B1DF3CCB9251A6A1E1DBE6 /* Info.plist */ = {isa = PBXFileReference; lastKnownFileType = text.plist; path = Info.plist; sourceTree = "<group>"; };
		4EAAA4CB8504298797ECDDCD /* SessionFamilyManagementClient.swift */ = {isa = PBXFileReference; lastKnownFileType = sourcecode.swift; path = SessionFamilyManagementClient.swift; sourceTree = "<group>"; };
		4FC02C1D697CDD4E05DFC2CC /* capture-_.growthEntrySheet.png */ = {isa = PBXFileReference; lastKnownFileType = image.png; path = "capture-_.growthEntrySheet.png"; sourceTree = "<group>"; };
		52CAFE9F48549066A86A59E2 /* FamilySetupView.swift */ = {isa = PBXFileReference; lastKnownFileType = sourcecode.swift; path = FamilySetupView.swift; sourceTree = "<group>"; };
		52E6E2D69BBCABC069653151 /* UnetonWatch.entitlements */ = {isa = PBXFileReference; lastKnownFileType = text.plist.entitlements; path = UnetonWatch.entitlements; sourceTree = "<group>"; };
		539E981CF395ADD8FB6F4A7B /* FamilyManagement.swift */ = {isa = PBXFileReference; lastKnownFileType = sourcecode.swift; path = FamilyManagement.swift; sourceTree = "<group>"; };
		560D7F8F4187D61F197D1609 /* UnetonWatchUITests.xctest */ = {isa = PBXFileReference; explicitFileType = wrapper.cfbundle; includeInIndex = 0; path = UnetonWatchUITests.xctest; sourceTree = BUILT_PRODUCTS_DIR; };
		57CD1A2D27F650526FE3F833 /* Assets.xcassets */ = {isa = PBXFileReference; lastKnownFileType = folder.assetcatalog; path = Assets.xcassets; sourceTree = "<group>"; };
		5BA61613A67C5F9CB1A059CB /* TemperatureEntrySheet.swift */ = {isa = PBXFileReference; lastKnownFileType = sourcecode.swift; path = TemperatureEntrySheet.swift; sourceTree = "<group>"; };
		64A19F589A79C08D7B78E691 /* AppDelegate.swift */ = {isa = PBXFileReference; lastKnownFileType = sourcecode.swift; path = AppDelegate.swift; sourceTree = "<group>"; };
		671EF5C0D472AEFBBE04C34A /* SessionFamilyClient.swift */ = {isa = PBXFileReference; lastKnownFileType = sourcecode.swift; path = SessionFamilyClient.swift; sourceTree = "<group>"; };
		692C9E34A3795E4E1E2BDBF7 /* ScreenSnapshots.swift */ = {isa = PBXFileReference; lastKnownFileType = sourcecode.swift; path = ScreenSnapshots.swift; sourceTree = "<group>"; };
		710F730A2622DB5804A7817C /* SleepClouds.metal */ = {isa = PBXFileReference; lastKnownFileType = sourcecode.metal; path = SleepClouds.metal; sourceTree = "<group>"; };
		72BE2CA6738C2540B65E4FB6 /* UnetonWidgets.entitlements */ = {isa = PBXFileReference; lastKnownFileType = text.plist.entitlements; path = UnetonWidgets.entitlements; sourceTree = "<group>"; };
		82803025A1AFBF44B863CFC7 /* DisplayClock.swift */ = {isa = PBXFileReference; lastKnownFileType = sourcecode.swift; path = DisplayClock.swift; sourceTree = "<group>"; };
		8A0DADBE7FF9017AE001C683 /* SessionSharingClient.swift */ = {isa = PBXFileReference; lastKnownFileType = sourcecode.swift; path = SessionSharingClient.swift; sourceTree = "<group>"; };
		8BFF0F8EAD4BC4114DEFF87D /* SleepEntrySheet.swift */ = {isa = PBXFileReference; lastKnownFileType = sourcecode.swift; path = SleepEntrySheet.swift; sourceTree = "<group>"; };
		8D288C99648B3BB2FA368168 /* capture-_.insightsTab.png */ = {isa = PBXFileReference; lastKnownFileType = image.png; path = "capture-_.insightsTab.png"; sourceTree = "<group>"; };
		93442058261D164D125FE85A /* SessionStore.swift */ = {isa = PBXFileReference; lastKnownFileType = sourcecode.swift; path = SessionStore.swift; sourceTree = "<group>"; };
		95FC0EB3F083AB0587264171 /* LiveActivityController.swift */ = {isa = PBXFileReference; lastKnownFileType = sourcecode.swift; path = LiveActivityController.swift; sourceTree = "<group>"; };
		98FEF8EDC60C3CF7EB46791A /* capture-_.sleepTab.png */ = {isa = PBXFileReference; lastKnownFileType = image.png; path = "capture-_.sleepTab.png"; sourceTree = "<group>"; };
		A0009D16CB7EAFD3C94AEB10 /* CredentialStore.swift */ = {isa = PBXFileReference; lastKnownFileType = sourcecode.swift; path = CredentialStore.swift; sourceTree = "<group>"; };
		A813E55B8E67F20DEC32C945 /* capture-_.syncConflictsSheet.png */ = {isa = PBXFileReference; lastKnownFileType = image.png; path = "capture-_.syncConflictsSheet.png"; sourceTree = "<group>"; };
		AABFE71EE585F9949FCABD7B /* AppRootTests.swift */ = {isa = PBXFileReference; lastKnownFileType = sourcecode.swift; path = AppRootTests.swift; sourceTree = "<group>"; };
		AD9758664132AB21584A96AC /* PhoneWatchBridge.swift */ = {isa = PBXFileReference; lastKnownFileType = sourcecode.swift; path = PhoneWatchBridge.swift; sourceTree = "<group>"; };
		B095ADAA98D2DA6DE3FD15CD /* PushRegistrationController.swift */ = {isa = PBXFileReference; lastKnownFileType = sourcecode.swift; path = PushRegistrationController.swift; sourceTree = "<group>"; };
		B126AFF572A9B3185BA16C37 /* capture-_.familyManagementSheet.png */ = {isa = PBXFileReference; lastKnownFileType = image.png; path = "capture-_.familyManagementSheet.png"; sourceTree = "<group>"; };
		B293649851B1A89B1E172B15 /* PrivacyInfo.xcprivacy */ = {isa = PBXFileReference; path = PrivacyInfo.xcprivacy; sourceTree = "<group>"; };
		B36C2E2107DD081F376A34E1 /* capture-_.onboarding.png */ = {isa = PBXFileReference; lastKnownFileType = image.png; path = "capture-_.onboarding.png"; sourceTree = "<group>"; };
		B5F945BC674777D2A0DEB1BA /* FamilySync.swift */ = {isa = PBXFileReference; lastKnownFileType = sourcecode.swift; path = FamilySync.swift; sourceTree = "<group>"; };
		B939DDA8AE5699557A5FA6B3 /* UnetonWatch.app */ = {isa = PBXFileReference; explicitFileType = wrapper.application; includeInIndex = 0; path = UnetonWatch.app; sourceTree = BUILT_PRODUCTS_DIR; };
		BAE597D474D61696F33CA8BF /* AppleCredentialMonitor.swift */ = {isa = PBXFileReference; lastKnownFileType = sourcecode.swift; path = AppleCredentialMonitor.swift; sourceTree = "<group>"; };
		BBA9C6F0A3F7C533AFAA3988 /* UnetonWidgets.swift */ = {isa = PBXFileReference; lastKnownFileType = sourcecode.swift; path = UnetonWidgets.swift; sourceTree = "<group>"; };
		BDB524314DCF138197CE6AED /* WatchScreenshots.swift */ = {isa = PBXFileReference; lastKnownFileType = sourcecode.swift; path = WatchScreenshots.swift; sourceTree = "<group>"; };
		C28DF7DBFEC8C4705D78AB09 /* SessionAuthClient.swift */ = {isa = PBXFileReference; lastKnownFileType = sourcecode.swift; path = SessionAuthClient.swift; sourceTree = "<group>"; };
		C449A99D10D28759FD0E4F13 /* Onboarding.swift */ = {isa = PBXFileReference; lastKnownFileType = sourcecode.swift; path = Onboarding.swift; sourceTree = "<group>"; };
		CCA4BA7AF40DB25E721915A1 /* SyncConflictsSheet.swift */ = {isa = PBXFileReference; lastKnownFileType = sourcecode.swift; path = SyncConflictsSheet.swift; sourceTree = "<group>"; };
		D31FE1C3ACB3CB882029856B /* UnetonApp.swift */ = {isa = PBXFileReference; lastKnownFileType = sourcecode.swift; path = UnetonApp.swift; sourceTree = "<group>"; };
		D4F4ED37643D6B68949D2915 /* Uneton.entitlements */ = {isa = PBXFileReference; lastKnownFileType = text.plist.entitlements; path = Uneton.entitlements; sourceTree = "<group>"; };
		D58380A9DCEFB4EB3EDA19ED /* capture-_.growthTab.png */ = {isa = PBXFileReference; lastKnownFileType = image.png; path = "capture-_.growthTab.png"; sourceTree = "<group>"; };
		D6116CB0111CA4504A54DCFF /* UnetonPackage */ = {isa = PBXFileReference; lastKnownFileType = folder; name = UnetonPackage; path = UnetonPackage; sourceTree = SOURCE_ROOT; };
		D67A960B662346DAFA52918F /* FamilySetup.swift */ = {isa = PBXFileReference; lastKnownFileType = sourcecode.swift; path = FamilySetup.swift; sourceTree = "<group>"; };
		DAB609F8585FE0509A18A8E8 /* TrendsView.swift */ = {isa = PBXFileReference; lastKnownFileType = sourcecode.swift; path = TrendsView.swift; sourceTree = "<group>"; };
		E06D055826E7198BFF94D002 /* Info.plist */ = {isa = PBXFileReference; lastKnownFileType = text.plist; path = Info.plist; sourceTree = "<group>"; };
		E1E26C7A93F782F73A9718C3 /* Uneton.app */ = {isa = PBXFileReference; includeInIndex = 0; lastKnownFileType = wrapper.application; path = Uneton.app; sourceTree = BUILT_PRODUCTS_DIR; };
		E2F4A75ED9D0A2A724B618E2 /* SleepEntry.swift */ = {isa = PBXFileReference; lastKnownFileType = sourcecode.swift; path = SleepEntry.swift; sourceTree = "<group>"; };
		E4DB8CAA3A832C30BCE05821 /* ScreenFixtures.swift */ = {isa = PBXFileReference; lastKnownFileType = sourcecode.swift; path = ScreenFixtures.swift; sourceTree = "<group>"; };
		E559806C9EB49DB6CD0CB7B2 /* UnetonWidgets.appex */ = {isa = PBXFileReference; includeInIndex = 0; lastKnownFileType = "wrapper.app-extension"; path = UnetonWidgets.appex; sourceTree = BUILT_PRODUCTS_DIR; };
		EBEE8C6312B8DF21A8E37969 /* capture-_.familySharingSheet.png */ = {isa = PBXFileReference; lastKnownFileType = image.png; path = "capture-_.familySharingSheet.png"; sourceTree = "<group>"; };
		EDAD222EC74D1E70C07EE4D4 /* OnboardingView.swift */ = {isa = PBXFileReference; lastKnownFileType = sourcecode.swift; path = OnboardingView.swift; sourceTree = "<group>"; };
		EFB649923BF006E6AF9B4F23 /* capture-_-size-name.lockScreen.png */ = {isa = PBXFileReference; lastKnownFileType = image.png; path = "capture-_-size-name.lockScreen.png"; sourceTree = "<group>"; };
		F3F15C777BE34447380DD7B9 /* FamilySharingSheet.swift */ = {isa = PBXFileReference; lastKnownFileType = sourcecode.swift; path = FamilySharingSheet.swift; sourceTree = "<group>"; };
		FA2052494B4601933892ADB7 /* capture-_.invitationScannerSheet.png */ = {isa = PBXFileReference; lastKnownFileType = image.png; path = "capture-_.invitationScannerSheet.png"; sourceTree = "<group>"; };
		FE4BF9CB614BD8383EA46E3C /* AppRoot.swift */ = {isa = PBXFileReference; lastKnownFileType = sourcecode.swift; path = AppRoot.swift; sourceTree = "<group>"; };
		FEF41DE4E9DE152F3E348674 /* SessionDiaryClient.swift */ = {isa = PBXFileReference; lastKnownFileType = sourcecode.swift; path = SessionDiaryClient.swift; sourceTree = "<group>"; };
		FFCE5078F862205198575D9A /* LegalLinks.swift */ = {isa = PBXFileReference; lastKnownFileType = sourcecode.swift; path = LegalLinks.swift; sourceTree = "<group>"; };
/* End PBXFileReference section */

/* Begin PBXFrameworksBuildPhase section */
		686583B45D329F9D4A1C744A /* Frameworks */ = {
			isa = PBXFrameworksBuildPhase;
			buildActionMask = 2147483647;
			files = (
				75403028B84412E1F1236D46 /* UnetonActivity in Frameworks */,
				0D8DA5E00B5F06B8947F7A50 /* Tagged in Frameworks */,
				CEDA28F3996277488E0A0F6A /* ComposableArchitectureTestSupport in Frameworks */,
				31435D6C1E99F573422650FB /* SnapshotTesting in Frameworks */,
			);
			runOnlyForDeploymentPostprocessing = 0;
		};
		96DB09F9F8745E7EBAF37132 /* Frameworks */ = {
			isa = PBXFrameworksBuildPhase;
			buildActionMask = 2147483647;
			files = (
				387D39CFB57884849BB0630C /* ComposableArchitecture2 in Frameworks */,
				49FEEF5C8775506127FB5745 /* UnetonCore in Frameworks */,
				7EE9F7B1BE2D150CC89A5B30 /* UnetonActivity in Frameworks */,
			);
			runOnlyForDeploymentPostprocessing = 0;
		};
		ACA49C3F783879E806C3812F /* Frameworks */ = {
			isa = PBXFrameworksBuildPhase;
			buildActionMask = 2147483647;
			files = (
				F0E5C061F7BB4C7A4AD21404 /* UnetonCore in Frameworks */,
				53891DFA9A38D347B1623FF7 /* UnetonActivity in Frameworks */,
			);
			runOnlyForDeploymentPostprocessing = 0;
		};
		E096A435249EE8BC82884805 /* Frameworks */ = {
			isa = PBXFrameworksBuildPhase;
			buildActionMask = 2147483647;
			files = (
				968654C9314D6BA38D616C59 /* UnetonCore in Frameworks */,
			);
			runOnlyForDeploymentPostprocessing = 0;
		};
/* End PBXFrameworksBuildPhase section */

/* Begin PBXGroup section */
		059C9551455BFF536951CE48 /* Previews */ = {
			isa = PBXGroup;
			children = (
				E4DB8CAA3A832C30BCE05821 /* ScreenFixtures.swift */,
			);
			path = Previews;
			sourceTree = "<group>";
		};
		06FF4AC35D102CE4A923098C /* FamilyManagement */ = {
			isa = PBXGroup;
			children = (
				539E981CF395ADD8FB6F4A7B /* FamilyManagement.swift */,
				4527DA3A60F647DE5F65A302 /* FamilyManagementView.swift */,
				0B9EB5E1E7CFB04D29881E5E /* QRCodeImage.swift */,
			);
			path = FamilyManagement;
			sourceTree = "<group>";
		};
		177076334083D6EDC6C555A6 /* UnetonWidgets */ = {
			isa = PBXGroup;
			children = (
				E06D055826E7198BFF94D002 /* Info.plist */,
				72BE2CA6738C2540B65E4FB6 /* UnetonWidgets.entitlements */,
				BBA9C6F0A3F7C533AFAA3988 /* UnetonWidgets.swift */,
			);
			path = UnetonWidgets;
			sourceTree = "<group>";
		};
		2015CBE2F3D1B55447167A0E /* Infrastructure */ = {
			isa = PBXGroup;
			children = (
				64A19F589A79C08D7B78E691 /* AppDelegate.swift */,
				BAE597D474D61696F33CA8BF /* AppleCredentialMonitor.swift */,
				A0009D16CB7EAFD3C94AEB10 /* CredentialStore.swift */,
				28A5777B90BA88C36670DCB1 /* DemoRuntime.swift */,
				82803025A1AFBF44B863CFC7 /* DisplayClock.swift */,
				FFCE5078F862205198575D9A /* LegalLinks.swift */,
				95FC0EB3F083AB0587264171 /* LiveActivityController.swift */,
				AD9758664132AB21584A96AC /* PhoneWatchBridge.swift */,
				B095ADAA98D2DA6DE3FD15CD /* PushRegistrationController.swift */,
				31B794393108E5A174E3327F /* ReminderController.swift */,
				C28DF7DBFEC8C4705D78AB09 /* SessionAuthClient.swift */,
				FEF41DE4E9DE152F3E348674 /* SessionDiaryClient.swift */,
				671EF5C0D472AEFBBE04C34A /* SessionFamilyClient.swift */,
				4EAAA4CB8504298797ECDDCD /* SessionFamilyManagementClient.swift */,
				8A0DADBE7FF9017AE001C683 /* SessionSharingClient.swift */,
				93442058261D164D125FE85A /* SessionStore.swift */,
				37BBA6E529FDA150CF89123E /* SessionSyncClient.swift */,
			);
			path = Infrastructure;
			sourceTree = "<group>";
		};
		25409B695ED232396BDAEFEB /* Timeline */ = {
			isa = PBXGroup;
			children = (
				B5F945BC674777D2A0DEB1BA /* FamilySync.swift */,
				710F730A2622DB5804A7817C /* SleepClouds.metal */,
				CCA4BA7AF40DB25E721915A1 /* SyncConflictsSheet.swift */,
				16F8A18EB8BF393F83693600 /* TimelineScreen.swift */,
			);
			path = Timeline;
			sourceTree = "<group>";
		};
		395A902A99B5C3DF2D67CA77 /* UnetonWatchUITests */ = {
			isa = PBXGroup;
			children = (
				BDB524314DCF138197CE6AED /* WatchScreenshots.swift */,
			);
			path = UnetonWatchUITests;
			sourceTree = "<group>";
		};
		5B0B41887D3F726D3B24095A /* UnetonWatch */ = {
			isa = PBXGroup;
			children = (
				45B1DF3CCB9251A6A1E1DBE6 /* Info.plist */,
				52E6E2D69BBCABC069653151 /* UnetonWatch.entitlements */,
				15EA75C38B7B9913EFAF8D3C /* UnetonWatchApp.swift */,
			);
			path = UnetonWatch;
			sourceTree = "<group>";
		};
		5CC93C1043ADE9C563855900 /* Setup */ = {
			isa = PBXGroup;
			children = (
				D67A960B662346DAFA52918F /* FamilySetup.swift */,
				52CAFE9F48549066A86A59E2 /* FamilySetupView.swift */,
				C449A99D10D28759FD0E4F13 /* Onboarding.swift */,
				EDAD222EC74D1E70C07EE4D4 /* OnboardingView.swift */,
			);
			path = Setup;
			sourceTree = "<group>";
		};
		726C7DC21B4E8CCCB3278D53 /* Products */ = {
			isa = PBXGroup;
			children = (
				E1E26C7A93F782F73A9718C3 /* Uneton.app */,
				023508B3AC21DEDB2315129E /* UnetonTests.xctest */,
				B939DDA8AE5699557A5FA6B3 /* UnetonWatch.app */,
				560D7F8F4187D61F197D1609 /* UnetonWatchUITests.xctest */,
				E559806C9EB49DB6CD0CB7B2 /* UnetonWidgets.appex */,
			);
			name = Products;
			sourceTree = "<group>";
		};
		7386CE4A75BF937654A5036B /* Packages */ = {
			isa = PBXGroup;
			children = (
				D6116CB0111CA4504A54DCFF /* UnetonPackage */,
			);
			name = Packages;
			sourceTree = "<group>";
		};
		8613EA208C3D0CF6B983F050 /* __Snapshots__ */ = {
			isa = PBXGroup;
			children = (
				9609ED4D67D91540E1CE4E2D /* ActivitySnapshots */,
				CCEDA6E0C98A2C4821154502 /* ScreenSnapshots */,
			);
			path = __Snapshots__;
			sourceTree = "<group>";
		};
		8D900EB08E0A611C0EFED6A6 /* Uneton */ = {
			isa = PBXGroup;
			children = (
				FE4BF9CB614BD8383EA46E3C /* AppRoot.swift */,
				57CD1A2D27F650526FE3F833 /* Assets.xcassets */,
				0355076EEF872FB482B7B4DA /* ContentView.swift */,
				3D896FB7D71440107A4ABABE /* Info.plist */,
				B293649851B1A89B1E172B15 /* PrivacyInfo.xcprivacy */,
				D4F4ED37643D6B68949D2915 /* Uneton.entitlements */,
				D31FE1C3ACB3CB882029856B /* UnetonApp.swift */,
				CBBD18411B96398030F20EFA /* Features */,
				2015CBE2F3D1B55447167A0E /* Infrastructure */,
				059C9551455BFF536951CE48 /* Previews */,
			);
			path = Uneton;
			sourceTree = "<group>";
		};
		9609ED4D67D91540E1CE4E2D /* ActivitySnapshots */ = {
			isa = PBXGroup;
			children = (
				38376736129AAB287CA94BA0 /* capture-_-size-name.expandedIsland.png */,
				EFB649923BF006E6AF9B4F23 /* capture-_-size-name.lockScreen.png */,
			);
			path = ActivitySnapshots;
			sourceTree = "<group>";
		};
		B226D0E540DA9F4EAFC05904 /* Trends */ = {
			isa = PBXGroup;
			children = (
				DAB609F8585FE0509A18A8E8 /* TrendsView.swift */,
			);
			path = Trends;
			sourceTree = "<group>";
		};
		B23594979E14249D43D345D8 /* Entry */ = {
			isa = PBXGroup;
			children = (
				423880E6A053D48080C50C45 /* GrowthEntry.swift */,
				0568021077504D52C0EF97B3 /* GrowthEntrySheet.swift */,
				E2F4A75ED9D0A2A724B618E2 /* SleepEntry.swift */,
				8BFF0F8EAD4BC4114DEFF87D /* SleepEntrySheet.swift */,
				1B2C25DAD59C55EE96BD82B9 /* TemperatureEntry.swift */,
				5BA61613A67C5F9CB1A059CB /* TemperatureEntrySheet.swift */,
			);
			path = Entry;
			sourceTree = "<group>";
		};
		B48EAC250B0D9E35DD453320 /* UnetonTests */ = {
			isa = PBXGroup;
			children = (
				10202B305F3615FE103CAC95 /* ActivitySnapshots.swift */,
				AABFE71EE585F9949FCABD7B /* AppRootTests.swift */,
				019129055CD5E615545FAF11 /* DemoRuntimeTests.swift */,
				692C9E34A3795E4E1E2BDBF7 /* ScreenSnapshots.swift */,
				8613EA208C3D0CF6B983F050 /* __Snapshots__ */,
			);
			path = UnetonTests;
			sourceTree = "<group>";
		};
		C8DD159053CA3EABCC814290 /* Settings */ = {
			isa = PBXGroup;
			children = (
				1DF29C953864C252FCF044CB /* FamilySharing.swift */,
				F3F15C777BE34447380DD7B9 /* FamilySharingSheet.swift */,
			);
			path = Settings;
			sourceTree = "<group>";
		};
		CA4BB0AEA357C3DF8337947D = {
			isa = PBXGroup;
			children = (
				7386CE4A75BF937654A5036B /* Packages */,
				8D900EB08E0A611C0EFED6A6 /* Uneton */,
				B48EAC250B0D9E35DD453320 /* UnetonTests */,
				5B0B41887D3F726D3B24095A /* UnetonWatch */,
				395A902A99B5C3DF2D67CA77 /* UnetonWatchUITests */,
				177076334083D6EDC6C555A6 /* UnetonWidgets */,
				726C7DC21B4E8CCCB3278D53 /* Products */,
			);
			sourceTree = "<group>";
		};
		CBBD18411B96398030F20EFA /* Features */ = {
			isa = PBXGroup;
			children = (
				B23594979E14249D43D345D8 /* Entry */,
				06FF4AC35D102CE4A923098C /* FamilyManagement */,
				C8DD159053CA3EABCC814290 /* Settings */,
				5CC93C1043ADE9C563855900 /* Setup */,
				25409B695ED232396BDAEFEB /* Timeline */,
				B226D0E540DA9F4EAFC05904 /* Trends */,
			);
			path = Features;
			sourceTree = "<group>";
		};
		CCEDA6E0C98A2C4821154502 /* ScreenSnapshots */ = {
			isa = PBXGroup;
			children = (
				3271E7652D9B314F4E6546FC /* capture-_.childEditorSheet.png */,
				B126AFF572A9B3185BA16C37 /* capture-_.familyManagementSheet.png */,
				3C8893A3594EB823C661CF83 /* capture-_.familySetup.png */,
				EBEE8C6312B8DF21A8E37969 /* capture-_.familySharingSheet.png */,
				4FC02C1D697CDD4E05DFC2CC /* capture-_.growthEntrySheet.png */,
				D58380A9DCEFB4EB3EDA19ED /* capture-_.growthTab.png */,
				8D288C99648B3BB2FA368168 /* capture-_.insightsTab.png */,
				FA2052494B4601933892ADB7 /* capture-_.invitationScannerSheet.png */,
				B36C2E2107DD081F376A34E1 /* capture-_.onboarding.png */,
				3CC64DF0D2640D8A806E4A61 /* capture-_.sleepEntrySheet.png */,
				98FEF8EDC60C3CF7EB46791A /* capture-_.sleepTab.png */,
				A813E55B8E67F20DEC32C945 /* capture-_.syncConflictsSheet.png */,
				1B00CFB9F4A5AD97A660B009 /* capture-_.temperatureTab.png */,
			);
			path = ScreenSnapshots;
			sourceTree = "<group>";
		};
/* End PBXGroup section */

/* Begin PBXNativeTarget section */
		022A31759683A52F50E337E4 /* UnetonWatch */ = {
			isa = PBXNativeTarget;
			buildConfigurationList = 8EEB4B81F8302E468198EC10 /* Build configuration list for PBXNativeTarget "UnetonWatch" */;
			buildPhases = (
				A9C3932809207763D6232E72 /* Sources */,
				E096A435249EE8BC82884805 /* Frameworks */,
			);
			buildRules = (
			);
			dependencies = (
			);
			name = UnetonWatch;
			packageProductDependencies = (
				F7C4691974BB5222DB4FB72B /* UnetonCore */,
			);
			productName = UnetonWatch;
			productReference = B939DDA8AE5699557A5FA6B3 /* UnetonWatch.app */;
			productType = "com.apple.product-type.application";
		};
		85395317338525255851B68F /* UnetonWidgets */ = {
			isa = PBXNativeTarget;
			buildConfigurationList = 781A7F6A94896BA06564513C /* Build configuration list for PBXNativeTarget "UnetonWidgets" */;
			buildPhases = (
				683A35CE8C34B4677797767C /* Sources */,
				ACA49C3F783879E806C3812F /* Frameworks */,
			);
			buildRules = (
			);
			dependencies = (
			);
			name = UnetonWidgets;
			packageProductDependencies = (
				DA4F68CF578D30CB531BB6B4 /* UnetonCore */,
				23C61FE5E1FD5C9379CAB8CF /* UnetonActivity */,
			);
			productName = UnetonWidgets;
			productReference = E559806C9EB49DB6CD0CB7B2 /* UnetonWidgets.appex */;
			productType = "com.apple.product-type.app-extension";
		};
		B5A50D8279D0A27DB7AEEF1A /* UnetonWatchUITests */ = {
			isa = PBXNativeTarget;
			buildConfigurationList = 58F240713B28DCD3038AB207 /* Build configuration list for PBXNativeTarget "UnetonWatchUITests" */;
			buildPhases = (
				6028C49CC57982EBBABB696A /* Sources */,
			);
			buildRules = (
			);
			dependencies = (
				C5D8D39172315609AF0F3B7F /* PBXTargetDependency */,
			);
			name = UnetonWatchUITests;
			packageProductDependencies = (
			);
			productName = UnetonWatchUITests;
			productReference = 560D7F8F4187D61F197D1609 /* UnetonWatchUITests.xctest */;
			productType = "com.apple.product-type.bundle.ui-testing";
		};
		DB17E4CD9882CC55F866C16D /* Uneton */ = {
			isa = PBXNativeTarget;
			buildConfigurationList = 759A141996ECEECE11FE12A6 /* Build configuration list for PBXNativeTarget "Uneton" */;
			buildPhases = (
				525500DAAAE29AD687C9867E /* Sources */,
				812D2D2A636EEE4BE884935D /* Resources */,
				96DB09F9F8745E7EBAF37132 /* Frameworks */,
				02F5B8AB7351B03BDB49B407 /* Embed Foundation Extensions */,
				2CE86642980997E3B549D61D /* Embed Watch Content */,
			);
			buildRules = (
			);
			dependencies = (
				D0AFF57A226C149483FF9C91 /* PBXTargetDependency */,
				AEFA513C22E2E8322150A27E /* PBXTargetDependency */,
			);
			name = Uneton;
			packageProductDependencies = (
				5378E6759E7E1B38F4036EC0 /* ComposableArchitecture2 */,
				C84A1DF20438133E612C8513 /* UnetonCore */,
				E8389CBA533E782935A9D730 /* UnetonActivity */,
			);
			productName = Uneton;
			productReference = E1E26C7A93F782F73A9718C3 /* Uneton.app */;
			productType = "com.apple.product-type.application";
		};
		E2A3827628119A4A199276D0 /* UnetonTests */ = {
			isa = PBXNativeTarget;
			buildConfigurationList = E4A79BB3A36B26A75C28A5BF /* Build configuration list for PBXNativeTarget "UnetonTests" */;
			buildPhases = (
				4C7E5FD9D4415FB63904E367 /* Sources */,
				573CF1B43E7AF0ABC9878799 /* Resources */,
				686583B45D329F9D4A1C744A /* Frameworks */,
			);
			buildRules = (
			);
			dependencies = (
				5D77EE0CE6B7717F5530D2F7 /* PBXTargetDependency */,
			);
			name = UnetonTests;
			packageProductDependencies = (
				D8550C2501F7A8807B6C0F66 /* UnetonActivity */,
				2D7F139B42F265E12A43CFEC /* Tagged */,
				06B60E57F5A920DA240B84E9 /* ComposableArchitectureTestSupport */,
				98FF8790ABA3E818C0847C23 /* SnapshotTesting */,
			);
			productName = UnetonTests;
			productReference = 023508B3AC21DEDB2315129E /* UnetonTests.xctest */;
			productType = "com.apple.product-type.bundle.unit-test";
		};
/* End PBXNativeTarget section */

/* Begin PBXProject section */
		FC13656015A5F83334D609C9 /* Project object */ = {
			isa = PBXProject;
			attributes = {
				BuildIndependentTargetsInParallel = YES;
				LastUpgradeCheck = 2600;
				TargetAttributes = {
					022A31759683A52F50E337E4 = {
						DevelopmentTeam = J9S7QG9SVR;
					};
					85395317338525255851B68F = {
						DevelopmentTeam = J9S7QG9SVR;
					};
					B5A50D8279D0A27DB7AEEF1A = {
						DevelopmentTeam = J9S7QG9SVR;
						TestTargetID = 022A31759683A52F50E337E4;
					};
					DB17E4CD9882CC55F866C16D = {
						DevelopmentTeam = J9S7QG9SVR;
					};
					E2A3827628119A4A199276D0 = {
						DevelopmentTeam = J9S7QG9SVR;
					};
				};
			};
			buildConfigurationList = A58EF65BF78CCDCBD38BD168 /* Build configuration list for PBXProject "Uneton" */;
			developmentRegion = en;
			hasScannedForEncodings = 0;
			knownRegions = (
				Base,
				en,
			);
			mainGroup = CA4BB0AEA357C3DF8337947D;
			minimizedProjectReferenceProxies = 1;
			packageReferences = (
				51E22005D061FDB60FFCEFF2 /* XCRemoteSwiftPackageReference "swift-snapshot-testing" */,
				280E90178431470BF8BABAD8 /* XCRemoteSwiftPackageReference "TCA26" */,
				77BEF8C5E0A32B23A1F71085 /* XCRemoteSwiftPackageReference "swift-tagged" */,
				1717CBBB2DC3216B9AD81D25 /* XCLocalSwiftPackageReference "UnetonPackage" */,
			);
			preferredProjectObjectVersion = 77;
			productRefGroup = 726C7DC21B4E8CCCB3278D53 /* Products */;
			projectDirPath = "";
			projectRoot = "";
			targets = (
				DB17E4CD9882CC55F866C16D /* Uneton */,
				85395317338525255851B68F /* UnetonWidgets */,
				022A31759683A52F50E337E4 /* UnetonWatch */,
				B5A50D8279D0A27DB7AEEF1A /* UnetonWatchUITests */,
				E2A3827628119A4A199276D0 /* UnetonTests */,
			);
		};
/* End PBXProject section */

/* Begin PBXResourcesBuildPhase section */
		573CF1B43E7AF0ABC9878799 /* Resources */ = {
			isa = PBXResourcesBuildPhase;
			buildActionMask = 2147483647;
			files = (
				7552C6C49492BC08F2098244 /* capture-_-size-name.expandedIsland.png in Resources */,
				707080C16FCA4B9794586321 /* capture-_-size-name.lockScreen.png in Resources */,
				29C1F854C1AB5BA96CFDE9FE /* capture-_.childEditorSheet.png in Resources */,
				130F4B4B302ECD46F5C30144 /* capture-_.familyManagementSheet.png in Resources */,
				0B91E39FC61F020E77DF8521 /* capture-_.familySetup.png in Resources */,
				8EE54E1B5A784BE1C400AD74 /* capture-_.familySharingSheet.png in Resources */,
				B8DBF9D70A6713E52C0B647A /* capture-_.growthEntrySheet.png in Resources */,
				FC6F5B262364DC730F996A0A /* capture-_.growthTab.png in Resources */,
				3F35AE246D64A600D912FA43 /* capture-_.insightsTab.png in Resources */,
				E1018104A4399F3B84036C3E /* capture-_.invitationScannerSheet.png in Resources */,
				52DC98A03CFA511F2903B30E /* capture-_.onboarding.png in Resources */,
				943A7AE56109F41DE68AE53F /* capture-_.sleepEntrySheet.png in Resources */,
				F20340D32620C4663C7D752B /* capture-_.sleepTab.png in Resources */,
				5C8FD5987FFF4A94DBCADC76 /* capture-_.syncConflictsSheet.png in Resources */,
				B82165B65D1E9A2D54FECECC /* capture-_.temperatureTab.png in Resources */,
			);
			runOnlyForDeploymentPostprocessing = 0;
		};
		812D2D2A636EEE4BE884935D /* Resources */ = {
			isa = PBXResourcesBuildPhase;
			buildActionMask = 2147483647;
			files = (
				776E41E259D54BB9647721BB /* Assets.xcassets in Resources */,
				0AE8D08DB064AAA222E8B1CE /* PrivacyInfo.xcprivacy in Resources */,
			);
			runOnlyForDeploymentPostprocessing = 0;
		};
/* End PBXResourcesBuildPhase section */

/* Begin PBXSourcesBuildPhase section */
		4C7E5FD9D4415FB63904E367 /* Sources */ = {
			isa = PBXSourcesBuildPhase;
			buildActionMask = 2147483647;
			files = (
				B6BDAAEF23ABC94928AB4B6A /* ActivitySnapshots.swift in Sources */,
				8200EDDC66C07FAAC8CC554F /* AppRootTests.swift in Sources */,
				EE1ADB9F3E5D5E74266732FE /* DemoRuntimeTests.swift in Sources */,
				3C08A43A502962F34CA213DC /* ScreenSnapshots.swift in Sources */,
			);
			runOnlyForDeploymentPostprocessing = 0;
		};
		525500DAAAE29AD687C9867E /* Sources */ = {
			isa = PBXSourcesBuildPhase;
			buildActionMask = 2147483647;
			files = (
				061A3640E835D9F07465EB67 /* AppDelegate.swift in Sources */,
				5847C7258A512BE98E79C236 /* AppRoot.swift in Sources */,
				EC01897EBECD1DE0DD1AE199 /* AppleCredentialMonitor.swift in Sources */,
				93BC36FF9698B9C2384B8700 /* ContentView.swift in Sources */,
				505EBAA33B21B2743A28CAD7 /* CredentialStore.swift in Sources */,
				2A50BABCAE347A1F309FEE8F /* DemoRuntime.swift in Sources */,
				6DCAA7A90DD049D71141218E /* DisplayClock.swift in Sources */,
				6C871D010C72683AE72B3F59 /* FamilyManagement.swift in Sources */,
				7B57111B8737418AFA486CE6 /* FamilyManagementView.swift in Sources */,
				1FAC62EB3331253BBB63FCEC /* FamilySetup.swift in Sources */,
				D8DCE27E0D3B93B596D70457 /* FamilySetupView.swift in Sources */,
				D507085F179846B6F3B6E444 /* FamilySharing.swift in Sources */,
				3B7DAE732B26801D11C1CFA1 /* FamilySharingSheet.swift in Sources */,
				6E6D55F9E412E08C2DADE3F8 /* FamilySync.swift in Sources */,
				27BDDD0B1DAF19C0D517BA04 /* GrowthEntry.swift in Sources */,
				9FB29DA789A21B093A3A7E6F /* GrowthEntrySheet.swift in Sources */,
				B6CFC3472DA862AE66987473 /* LegalLinks.swift in Sources */,
				7B0AC7E48D6CA990D4C033C3 /* LiveActivityController.swift in Sources */,
				6A5A5E350452019851ECF0B0 /* Onboarding.swift in Sources */,
				57A1B60B1B857FD9B331A12A /* OnboardingView.swift in Sources */,
				316D502577DE587D9F1B1F0D /* PhoneWatchBridge.swift in Sources */,
				A7725E23F0EADF4E64BA85E6 /* PushRegistrationController.swift in Sources */,
				8E2711AC8695F397CD65A426 /* QRCodeImage.swift in Sources */,
				0BA2287994E4486BC0EA1A4D /* ReminderController.swift in Sources */,
				F8EB13CC2F2F014D1E8710AE /* ScreenFixtures.swift in Sources */,
				32E347573C4C49842ABB92CC /* SessionAuthClient.swift in Sources */,
				AA9927ED41D014DDAE28B040 /* SessionDiaryClient.swift in Sources */,
				AD64E2DEAC71198676913138 /* SessionFamilyClient.swift in Sources */,
				EC1E4DD48E43C5823839F3B5 /* SessionFamilyManagementClient.swift in Sources */,
				A59550D2F837669BA623FF23 /* SessionSharingClient.swift in Sources */,
				277371375578159F4D765AAE /* SessionStore.swift in Sources */,
				80D8EAD7366BA3498D2CA583 /* SessionSyncClient.swift in Sources */,
				3B0FF6F63F8DD2BA7F462439 /* SleepClouds.metal in Sources */,
				EEE0A15756165F4B81E941F0 /* SleepEntry.swift in Sources */,
				3F67A8EC57D51FC25A4BE656 /* SleepEntrySheet.swift in Sources */,
				676259D2761A25E5EEE0415D /* SyncConflictsSheet.swift in Sources */,
				2C26B83CC603AC626C6B7195 /* TemperatureEntry.swift in Sources */,
				4468E70B0AB32E0B1B80E3AD /* TemperatureEntrySheet.swift in Sources */,
				358CD8F31FC926F168F67669 /* TimelineScreen.swift in Sources */,
				936F390DF0F0C05C34C2AB43 /* TrendsView.swift in Sources */,
				503C1297883A78D0B857765E /* UnetonApp.swift in Sources */,
			);
			runOnlyForDeploymentPostprocessing = 0;
		};
		6028C49CC57982EBBABB696A /* Sources */ = {
			isa = PBXSourcesBuildPhase;
			buildActionMask = 2147483647;
			files = (
				3BA1CD4EFC422A602624FC1C /* WatchScreenshots.swift in Sources */,
			);
			runOnlyForDeploymentPostprocessing = 0;
		};
		683A35CE8C34B4677797767C /* Sources */ = {
			isa = PBXSourcesBuildPhase;
			buildActionMask = 2147483647;
			files = (
				C5071F7322E5584706D06B10 /* UnetonWidgets.swift in Sources */,
			);
			runOnlyForDeploymentPostprocessing = 0;
		};
		A9C3932809207763D6232E72 /* Sources */ = {
			isa = PBXSourcesBuildPhase;
			buildActionMask = 2147483647;
			files = (
				BEFE7CDE95F4D27ADACFCF67 /* UnetonWatchApp.swift in Sources */,
			);
			runOnlyForDeploymentPostprocessing = 0;
		};
/* End PBXSourcesBuildPhase section */

/* Begin PBXTargetDependency section */
		5D77EE0CE6B7717F5530D2F7 /* PBXTargetDependency */ = {
			isa = PBXTargetDependency;
			target = DB17E4CD9882CC55F866C16D /* Uneton */;
			targetProxy = AB80CC8728EC3C6A786D8D70 /* PBXContainerItemProxy */;
		};
		AEFA513C22E2E8322150A27E /* PBXTargetDependency */ = {
			isa = PBXTargetDependency;
			target = 022A31759683A52F50E337E4 /* UnetonWatch */;
			targetProxy = 72D65294BC9F6DBA27C3B899 /* PBXContainerItemProxy */;
		};
		C5D8D39172315609AF0F3B7F /* PBXTargetDependency */ = {
			isa = PBXTargetDependency;
			target = 022A31759683A52F50E337E4 /* UnetonWatch */;
			targetProxy = 8A36E288C0A7538884478307 /* PBXContainerItemProxy */;
		};
		D0AFF57A226C149483FF9C91 /* PBXTargetDependency */ = {
			isa = PBXTargetDependency;
			target = 85395317338525255851B68F /* UnetonWidgets */;
			targetProxy = 7BC3C28C5BFE685781C3F0EA /* PBXContainerItemProxy */;
		};
/* End PBXTargetDependency section */

/* Begin XCBuildConfiguration section */
		32A788B05DDB5508855D282D /* Release */ = {
			isa = XCBuildConfiguration;
			buildSettings = {
				BUNDLE_LOADER = "$(TEST_HOST)";
				GENERATE_INFOPLIST_FILE = YES;
				LD_RUNPATH_SEARCH_PATHS = (
					"$(inherited)",
					"@executable_path/Frameworks",
					"@loader_path/Frameworks",
				);
				PRODUCT_BUNDLE_IDENTIFIER = solutions.bytesized.uneton.watchuitests;
				SDKROOT = watchos;
				SKIP_INSTALL = YES;
				TARGETED_DEVICE_FAMILY = 4;
				TEST_TARGET_NAME = UnetonWatch;
			};
			name = Release;
		};
		44496114C2CCE0D3C839BC4F /* Debug */ = {
			isa = XCBuildConfiguration;
			buildSettings = {
				CODE_SIGN_ENTITLEMENTS = UnetonWidgets/UnetonWidgets.entitlements;
				INFOPLIST_FILE = UnetonWidgets/Info.plist;
				LD_RUNPATH_SEARCH_PATHS = (
					"$(inherited)",
					"@executable_path/Frameworks",
					"@executable_path/../../Frameworks",
				);
				PRODUCT_BUNDLE_IDENTIFIER = solutions.bytesized.uneton.widgets;
				SDKROOT = iphoneos;
				SKIP_INSTALL = YES;
				TARGETED_DEVICE_FAMILY = "1,2";
			};
			name = Debug;
		};
		71679953B910A42780CE5422 /* Release */ = {
			isa = XCBuildConfiguration;
			buildSettings = {
				ASSETCATALOG_COMPILER_APPICON_NAME = AppIcon;
				ASSETCATALOG_COMPILER_GLOBAL_ACCENT_COLOR_NAME = AccentColor;
				CODE_SIGN_ENTITLEMENTS = Uneton/Uneton.entitlements;
				CODE_SIGN_IDENTITY = "iPhone Developer";
				INFOPLIST_FILE = Uneton/Info.plist;
				LD_RUNPATH_SEARCH_PATHS = (
					"$(inherited)",
					"@executable_path/Frameworks",
				);
				PRODUCT_BUNDLE_IDENTIFIER = solutions.bytesized.uneton;
				SDKROOT = iphoneos;
				TARGETED_DEVICE_FAMILY = 1;
			};
			name = Release;
		};
		7CA29D757BF3AEDEA167A1C5 /* Debug */ = {
			isa = XCBuildConfiguration;
			buildSettings = {
				BUNDLE_LOADER = "$(TEST_HOST)";
				GENERATE_INFOPLIST_FILE = YES;
				LD_RUNPATH_SEARCH_PATHS = (
					"$(inherited)",
					"@executable_path/Frameworks",
					"@loader_path/Frameworks",
				);
				PRODUCT_BUNDLE_IDENTIFIER = solutions.bytesized.uneton.tests;
				SDKROOT = iphoneos;
				SWIFT_ACTIVE_COMPILATION_CONDITIONS = "$(inherited) $(UNETON_RECORD_SNAPSHOTS)";
				TARGETED_DEVICE_FAMILY = "1,2";
				TEST_HOST = "$(BUILT_PRODUCTS_DIR)/Uneton.app/Uneton";
			};
			name = Debug;
		};
		8A22C924C3B25C02AB13A7DF /* Release */ = {
			isa = XCBuildConfiguration;
			buildSettings = {
				CODE_SIGN_ENTITLEMENTS = UnetonWidgets/UnetonWidgets.entitlements;
				INFOPLIST_FILE = UnetonWidgets/Info.plist;
				LD_RUNPATH_SEARCH_PATHS = (
					"$(inherited)",
					"@executable_path/Frameworks",
					"@executable_path/../../Frameworks",
				);
				PRODUCT_BUNDLE_IDENTIFIER = solutions.bytesized.uneton.widgets;
				SDKROOT = iphoneos;
				SKIP_INSTALL = YES;
				TARGETED_DEVICE_FAMILY = "1,2";
			};
			name = Release;
		};
		91FFB3A057B261F9FEBA2E6F /* Release */ = {
			isa = XCBuildConfiguration;
			buildSettings = {
				BUNDLE_LOADER = "$(TEST_HOST)";
				GENERATE_INFOPLIST_FILE = YES;
				LD_RUNPATH_SEARCH_PATHS = (
					"$(inherited)",
					"@executable_path/Frameworks",
					"@loader_path/Frameworks",
				);
				PRODUCT_BUNDLE_IDENTIFIER = solutions.bytesized.uneton.tests;
				SDKROOT = iphoneos;
				SWIFT_ACTIVE_COMPILATION_CONDITIONS = "$(inherited) $(UNETON_RECORD_SNAPSHOTS)";
				TARGETED_DEVICE_FAMILY = "1,2";
				TEST_HOST = "$(BUILT_PRODUCTS_DIR)/Uneton.app/Uneton";
			};
			name = Release;
		};
		A8352C078A353790A47327AC /* Debug */ = {
			isa = XCBuildConfiguration;
			buildSettings = {
				ASSETCATALOG_COMPILER_APPICON_NAME = AppIcon;
				CODE_SIGN_ENTITLEMENTS = UnetonWatch/UnetonWatch.entitlements;
				INFOPLIST_FILE = UnetonWatch/Info.plist;
				PRODUCT_BUNDLE_IDENTIFIER = solutions.bytesized.uneton.watchkitapp;
				SDKROOT = watchos;
				SKIP_INSTALL = YES;
				TARGETED_DEVICE_FAMILY = 4;
			};
			name = Debug;
		};
		AD812418C56780B2C66C76CE /* Release */ = {
			isa = XCBuildConfiguration;
			buildSettings = {
				ASSETCATALOG_COMPILER_APPICON_NAME = AppIcon;
				CODE_SIGN_ENTITLEMENTS = UnetonWatch/UnetonWatch.entitlements;
				INFOPLIST_FILE = UnetonWatch/Info.plist;
				PRODUCT_BUNDLE_IDENTIFIER = solutions.bytesized.uneton.watchkitapp;
				SDKROOT = watchos;
				SKIP_INSTALL = YES;
				TARGETED_DEVICE_FAMILY = 4;
			};
			name = Release;
		};
		B7457EB8D4E8C78D093E97CA /* Release */ = {
			isa = XCBuildConfiguration;
			buildSettings = {
				ALWAYS_SEARCH_USER_PATHS = NO;
				ASSETCATALOG_COMPILER_GENERATE_SWIFT_ASSET_SYMBOL_EXTENSIONS = YES;
				CLANG_ANALYZER_NONNULL = YES;
				CLANG_ANALYZER_NUMBER_OBJECT_CONVERSION = YES_AGGRESSIVE;
				CLANG_CXX_LANGUAGE_STANDARD = "gnu++14";
				CLANG_CXX_LIBRARY = "libc++";
				CLANG_ENABLE_MODULES = YES;
				CLANG_ENABLE_OBJC_ARC = YES;
				CLANG_ENABLE_OBJC_WEAK = YES;
				CLANG_WARN_BLOCK_CAPTURE_AUTORELEASING = YES;
				CLANG_WARN_BOOL_CONVERSION = YES;
				CLANG_WARN_COMMA = YES;
				CLANG_WARN_CONSTANT_CONVERSION = YES;
				CLANG_WARN_DEPRECATED_OBJC_IMPLEMENTATIONS = YES;
				CLANG_WARN_DIRECT_OBJC_ISA_USAGE = YES_ERROR;
				CLANG_WARN_DOCUMENTATION_COMMENTS = YES;
				CLANG_WARN_EMPTY_BODY = YES;
				CLANG_WARN_ENUM_CONVERSION = YES;
				CLANG_WARN_INFINITE_RECURSION = YES;
				CLANG_WARN_INT_CONVERSION = YES;
				CLANG_WARN_NON_LITERAL_NULL_CONVERSION = YES;
				CLANG_WARN_OBJC_IMPLICIT_RETAIN_SELF = YES;
				CLANG_WARN_OBJC_LITERAL_CONVERSION = YES;
				CLANG_WARN_OBJC_ROOT_CLASS = YES_ERROR;
				CLANG_WARN_QUOTED_INCLUDE_IN_FRAMEWORK_HEADER = YES;
				CLANG_WARN_RANGE_LOOP_ANALYSIS = YES;
				CLANG_WARN_STRICT_PROTOTYPES = YES;
				CLANG_WARN_SUSPICIOUS_MOVE = YES;
				CLANG_WARN_UNGUARDED_AVAILABILITY = YES_AGGRESSIVE;
				CLANG_WARN_UNREACHABLE_CODE = YES;
				CLANG_WARN__DUPLICATE_METHOD_MATCH = YES;
				COPY_PHASE_STRIP = NO;
				CURRENT_PROJECT_VERSION = 1;
				DEAD_CODE_STRIPPING = YES;
				DEBUG_INFORMATION_FORMAT = "dwarf-with-dsym";
				DEVELOPMENT_TEAM = J9S7QG9SVR;
				ENABLE_NS_ASSERTIONS = NO;
				ENABLE_STRICT_OBJC_MSGSEND = YES;
				ENABLE_USER_SCRIPT_SANDBOXING = YES;
				GCC_C_LANGUAGE_STANDARD = gnu11;
				GCC_NO_COMMON_BLOCKS = YES;
				GCC_WARN_64_TO_32_BIT_CONVERSION = YES;
				GCC_WARN_ABOUT_RETURN_TYPE = YES_ERROR;
				GCC_WARN_UNDECLARED_SELECTOR = YES;
				GCC_WARN_UNINITIALIZED_AUTOS = YES_AGGRESSIVE;
				GCC_WARN_UNUSED_FUNCTION = YES;
				GCC_WARN_UNUSED_VARIABLE = YES;
				IPHONEOS_DEPLOYMENT_TARGET = 26.1;
				MARKETING_VERSION = 1.0;
				MTL_ENABLE_DEBUG_INFO = NO;
				MTL_FAST_MATH = YES;
				PRODUCT_NAME = "$(TARGET_NAME)";
				STRING_CATALOG_GENERATE_SYMBOLS = YES;
				SWIFT_COMPILATION_MODE = wholemodule;
				SWIFT_OPTIMIZATION_LEVEL = "-O";
				SWIFT_VERSION = 6.0;
				WATCHOS_DEPLOYMENT_TARGET = 26.1;
			};
			name = Release;
		};
		B8A68C6A1C0983BB465673C2 /* Debug */ = {
			isa = XCBuildConfiguration;
			buildSettings = {
				ASSETCATALOG_COMPILER_APPICON_NAME = AppIcon;
				ASSETCATALOG_COMPILER_GLOBAL_ACCENT_COLOR_NAME = AccentColor;
				CODE_SIGN_ENTITLEMENTS = Uneton/Uneton.entitlements;
				CODE_SIGN_IDENTITY = "iPhone Developer";
				INFOPLIST_FILE = Uneton/Info.plist;
				LD_RUNPATH_SEARCH_PATHS = (
					"$(inherited)",
					"@executable_path/Frameworks",
				);
				PRODUCT_BUNDLE_IDENTIFIER = solutions.bytesized.uneton;
				SDKROOT = iphoneos;
				TARGETED_DEVICE_FAMILY = 1;
			};
			name = Debug;
		};
		D3650614C6B8EE9B8F93EDF9 /* Debug */ = {
			isa = XCBuildConfiguration;
			buildSettings = {
				ALWAYS_SEARCH_USER_PATHS = NO;
				ASSETCATALOG_COMPILER_GENERATE_SWIFT_ASSET_SYMBOL_EXTENSIONS = YES;
				CLANG_ANALYZER_NONNULL = YES;
				CLANG_ANALYZER_NUMBER_OBJECT_CONVERSION = YES_AGGRESSIVE;
				CLANG_CXX_LANGUAGE_STANDARD = "gnu++14";
				CLANG_CXX_LIBRARY = "libc++";
				CLANG_ENABLE_MODULES = YES;
				CLANG_ENABLE_OBJC_ARC = YES;
				CLANG_ENABLE_OBJC_WEAK = YES;
				CLANG_WARN_BLOCK_CAPTURE_AUTORELEASING = YES;
				CLANG_WARN_BOOL_CONVERSION = YES;
				CLANG_WARN_COMMA = YES;
				CLANG_WARN_CONSTANT_CONVERSION = YES;
				CLANG_WARN_DEPRECATED_OBJC_IMPLEMENTATIONS = YES;
				CLANG_WARN_DIRECT_OBJC_ISA_USAGE = YES_ERROR;
				CLANG_WARN_DOCUMENTATION_COMMENTS = YES;
				CLANG_WARN_EMPTY_BODY = YES;
				CLANG_WARN_ENUM_CONVERSION = YES;
				CLANG_WARN_INFINITE_RECURSION = YES;
				CLANG_WARN_INT_CONVERSION = YES;
				CLANG_WARN_NON_LITERAL_NULL_CONVERSION = YES;
				CLANG_WARN_OBJC_IMPLICIT_RETAIN_SELF = YES;
				CLANG_WARN_OBJC_LITERAL_CONVERSION = YES;
				CLANG_WARN_OBJC_ROOT_CLASS = YES_ERROR;
				CLANG_WARN_QUOTED_INCLUDE_IN_FRAMEWORK_HEADER = YES;
				CLANG_WARN_RANGE_LOOP_ANALYSIS = YES;
				CLANG_WARN_STRICT_PROTOTYPES = YES;
				CLANG_WARN_SUSPICIOUS_MOVE = YES;
				CLANG_WARN_UNGUARDED_AVAILABILITY = YES_AGGRESSIVE;
				CLANG_WARN_UNREACHABLE_CODE = YES;
				CLANG_WARN__DUPLICATE_METHOD_MATCH = YES;
				COPY_PHASE_STRIP = NO;
				CURRENT_PROJECT_VERSION = 1;
				DEAD_CODE_STRIPPING = YES;
				DEBUG_INFORMATION_FORMAT = dwarf;
				DEVELOPMENT_TEAM = J9S7QG9SVR;
				ENABLE_STRICT_OBJC_MSGSEND = YES;
				ENABLE_TESTABILITY = YES;
				ENABLE_USER_SCRIPT_SANDBOXING = YES;
				GCC_C_LANGUAGE_STANDARD = gnu11;
				GCC_DYNAMIC_NO_PIC = NO;
				GCC_NO_COMMON_BLOCKS = YES;
				GCC_OPTIMIZATION_LEVEL = 0;
				GCC_PREPROCESSOR_DEFINITIONS = (
					"$(inherited)",
					"DEBUG=1",
				);
				GCC_WARN_64_TO_32_BIT_CONVERSION = YES;
				GCC_WARN_ABOUT_RETURN_TYPE = YES_ERROR;
				GCC_WARN_UNDECLARED_SELECTOR = YES;
				GCC_WARN_UNINITIALIZED_AUTOS = YES_AGGRESSIVE;
				GCC_WARN_UNUSED_FUNCTION = YES;
				GCC_WARN_UNUSED_VARIABLE = YES;
				IPHONEOS_DEPLOYMENT_TARGET = 26.1;
				MARKETING_VERSION = 1.0;
				MTL_ENABLE_DEBUG_INFO = INCLUDE_SOURCE;
				MTL_FAST_MATH = YES;
				ONLY_ACTIVE_ARCH = YES;
				PRODUCT_NAME = "$(TARGET_NAME)";
				STRING_CATALOG_GENERATE_SYMBOLS = YES;
				SWIFT_ACTIVE_COMPILATION_CONDITIONS = DEBUG;
				SWIFT_OPTIMIZATION_LEVEL = "-Onone";
				SWIFT_VERSION = 6.0;
				WATCHOS_DEPLOYMENT_TARGET = 26.1;
			};
			name = Debug;
		};
		F694A10632788CEB0F67560C /* Debug */ = {
			isa = XCBuildConfiguration;
			buildSettings = {
				BUNDLE_LOADER = "$(TEST_HOST)";
				GENERATE_INFOPLIST_FILE = YES;
				LD_RUNPATH_SEARCH_PATHS = (
					"$(inherited)",
					"@executable_path/Frameworks",
					"@loader_path/Frameworks",
				);
				PRODUCT_BUNDLE_IDENTIFIER = solutions.bytesized.uneton.watchuitests;
				SDKROOT = watchos;
				SKIP_INSTALL = YES;
				TARGETED_DEVICE_FAMILY = 4;
				TEST_TARGET_NAME = UnetonWatch;
			};
			name = Debug;
		};
/* End XCBuildConfiguration section */

/* Begin XCConfigurationList section */
		58F240713B28DCD3038AB207 /* Build configuration list for PBXNativeTarget "UnetonWatchUITests" */ = {
			isa = XCConfigurationList;
			buildConfigurations = (
				F694A10632788CEB0F67560C /* Debug */,
				32A788B05DDB5508855D282D /* Release */,
			);
			defaultConfigurationIsVisible = 0;
			defaultConfigurationName = Debug;
		};
		759A141996ECEECE11FE12A6 /* Build configuration list for PBXNativeTarget "Uneton" */ = {
			isa = XCConfigurationList;
			buildConfigurations = (
				B8A68C6A1C0983BB465673C2 /* Debug */,
				71679953B910A42780CE5422 /* Release */,
			);
			defaultConfigurationIsVisible = 0;
			defaultConfigurationName = Debug;
		};
		781A7F6A94896BA06564513C /* Build configuration list for PBXNativeTarget "UnetonWidgets" */ = {
			isa = XCConfigurationList;
			buildConfigurations = (
				44496114C2CCE0D3C839BC4F /* Debug */,
				8A22C924C3B25C02AB13A7DF /* Release */,
			);
			defaultConfigurationIsVisible = 0;
			defaultConfigurationName = Debug;
		};
		8EEB4B81F8302E468198EC10 /* Build configuration list for PBXNativeTarget "UnetonWatch" */ = {
			isa = XCConfigurationList;
			buildConfigurations = (
				A8352C078A353790A47327AC /* Debug */,
				AD812418C56780B2C66C76CE /* Release */,
			);
			defaultConfigurationIsVisible = 0;
			defaultConfigurationName = Debug;
		};
		A58EF65BF78CCDCBD38BD168 /* Build configuration list for PBXProject "Uneton" */ = {
			isa = XCConfigurationList;
			buildConfigurations = (
				D3650614C6B8EE9B8F93EDF9 /* Debug */,
				B7457EB8D4E8C78D093E97CA /* Release */,
			);
			defaultConfigurationIsVisible = 0;
			defaultConfigurationName = Debug;
		};
		E4A79BB3A36B26A75C28A5BF /* Build configuration list for PBXNativeTarget "UnetonTests" */ = {
			isa = XCConfigurationList;
			buildConfigurations = (
				7CA29D757BF3AEDEA167A1C5 /* Debug */,
				91FFB3A057B261F9FEBA2E6F /* Release */,
			);
			defaultConfigurationIsVisible = 0;
			defaultConfigurationName = Debug;
		};
/* End XCConfigurationList section */

/* Begin XCLocalSwiftPackageReference section */
		1717CBBB2DC3216B9AD81D25 /* XCLocalSwiftPackageReference "UnetonPackage" */ = {
			isa = XCLocalSwiftPackageReference;
			relativePath = UnetonPackage;
		};
/* End XCLocalSwiftPackageReference section */

/* Begin XCRemoteSwiftPackageReference section */
		280E90178431470BF8BABAD8 /* XCRemoteSwiftPackageReference "TCA26" */ = {
			isa = XCRemoteSwiftPackageReference;
			repositoryURL = "https://github.com/pointfreeco/TCA26.git";
			requirement = {
				kind = revision;
				revision = 685aa13e104ce2234d16615e78489e4f6e4cb685;
			};
		};
		51E22005D061FDB60FFCEFF2 /* XCRemoteSwiftPackageReference "swift-snapshot-testing" */ = {
			isa = XCRemoteSwiftPackageReference;
			repositoryURL = "https://github.com/pointfreeco/swift-snapshot-testing.git";
			requirement = {
				kind = revision;
				revision = 59a99c458de4d2dee580529b61b4f78dca7b7fa6;
			};
		};
		77BEF8C5E0A32B23A1F71085 /* XCRemoteSwiftPackageReference "swift-tagged" */ = {
			isa = XCRemoteSwiftPackageReference;
			repositoryURL = "https://github.com/pointfreeco/swift-tagged.git";
			requirement = {
				kind = exactVersion;
				version = 0.10.0;
			};
		};
/* End XCRemoteSwiftPackageReference section */

/* Begin XCSwiftPackageProductDependency section */
		06B60E57F5A920DA240B84E9 /* ComposableArchitectureTestSupport */ = {
			isa = XCSwiftPackageProductDependency;
			package = 280E90178431470BF8BABAD8 /* XCRemoteSwiftPackageReference "TCA26" */;
			productName = ComposableArchitectureTestSupport;
		};
		23C61FE5E1FD5C9379CAB8CF /* UnetonActivity */ = {
			isa = XCSwiftPackageProductDependency;
			productName = UnetonActivity;
		};
		2D7F139B42F265E12A43CFEC /* Tagged */ = {
			isa = XCSwiftPackageProductDependency;
			package = 77BEF8C5E0A32B23A1F71085 /* XCRemoteSwiftPackageReference "swift-tagged" */;
			productName = Tagged;
		};
		5378E6759E7E1B38F4036EC0 /* ComposableArchitecture2 */ = {
			isa = XCSwiftPackageProductDependency;
			package = 280E90178431470BF8BABAD8 /* XCRemoteSwiftPackageReference "TCA26" */;
			productName = ComposableArchitecture2;
		};
		98FF8790ABA3E818C0847C23 /* SnapshotTesting */ = {
			isa = XCSwiftPackageProductDependency;
			package = 51E22005D061FDB60FFCEFF2 /* XCRemoteSwiftPackageReference "swift-snapshot-testing" */;
			productName = SnapshotTesting;
		};
		C84A1DF20438133E612C8513 /* UnetonCore */ = {
			isa = XCSwiftPackageProductDependency;
			productName = UnetonCore;
		};
		D8550C2501F7A8807B6C0F66 /* UnetonActivity */ = {
			isa = XCSwiftPackageProductDependency;
			productName = UnetonActivity;
		};
		DA4F68CF578D30CB531BB6B4 /* UnetonCore */ = {
			isa = XCSwiftPackageProductDependency;
			productName = UnetonCore;
		};
		E8389CBA533E782935A9D730 /* UnetonActivity */ = {
			isa = XCSwiftPackageProductDependency;
			productName = UnetonActivity;
		};
		F7C4691974BB5222DB4FB72B /* UnetonCore */ = {
			isa = XCSwiftPackageProductDependency;
			productName = UnetonCore;
		};
/* End XCSwiftPackageProductDependency section */
	};
	rootObject = FC13656015A5F83334D609C9 /* Project object */;
}
