{
  "originHash" : "66ea7bbdd4372186af3f71c2c605ef1e614e121c57ed42fccce6b998d8d38410",
  "pins" : [
    {
      "identity" : "combine-schedulers",
      "kind" : "remoteSourceControl",
      "location" : "https://github.com/pointfreeco/combine-schedulers",
      "state" : {
        "revision" : "c96fdbf1223e22fa4566ac5f40513506dcf5dd41",
        "version" : "1.2.1"
      }
    },
    {
      "identity" : "connect-swift",
      "kind" : "remoteSourceControl",
      "location" : "https://github.com/connectrpc/connect-swift",
      "state" : {
        "revision" : "ed56816fe90ab872566f09ed73e28ae078057e3d",
        "version" : "1.2.3"
      }
    },
    {
      "identity" : "grdb.swift",
      "kind" : "remoteSourceControl",
      "location" : "https://github.com/groue/GRDB.swift",
      "state" : {
        "revision" : "b83108d10f42680d78f23fe4d4d80fc88dab3212",
        "version" : "7.11.1"
      }
    },
    {
      "identity" : "sqlite-data",
      "kind" : "remoteSourceControl",
      "location" : "https://github.com/pointfreeco/sqlite-data",
      "state" : {
        "revision" : "3dad73435eb0c88c5f0e3b753cf7f855a51d6755",
        "version" : "1.11.2"
      }
    },
    {
      "identity" : "swift-atomics",
      "kind" : "remoteSourceControl",
      "location" : "https://github.com/apple/swift-atomics.git",
      "state" : {
        "revision" : "0442cb5a3f98ab802acb777929fdb446bda11a34",
        "version" : "1.3.1"
      }
    },
    {
      "identity" : "swift-clocks",
      "kind" : "remoteSourceControl",
      "location" : "https://github.com/pointfreeco/swift-clocks",
      "state" : {
        "revision" : "82440fa0a8b1c381a6d1e8e0fc7bbba53ec63204",
        "version" : "1.1.1"
      }
    },
    {
      "identity" : "swift-collections",
      "kind" : "remoteSourceControl",
      "location" : "https://github.com/apple/swift-collections",
      "state" : {
        "revision" : "a0cb0954ecb21e4e31b0070e6ed5674e8556685a",
        "version" : "1.6.0"
      }
    },
    {
      "identity" : "swift-concurrency-extras",
      "kind" : "remoteSourceControl",
      "location" : "https://github.com/pointfreeco/swift-concurrency-extras",
      "state" : {
        "revision" : "5fa253428866f2360c3754e88537f700ed2656b5",
        "version" : "1.4.1"
      }
    },
    {
      "identity" : "swift-custom-dump",
      "kind" : "remoteSourceControl",
      "location" : "https://github.com/pointfreeco/swift-custom-dump",
      "state" : {
        "revision" : "4fb9e7cbb4b8f5a7354005db39447f570d6b3e19",
        "version" : "1.7.3"
      }
    },
    {
      "identity" : "swift-dependencies",
      "kind" : "remoteSourceControl",
      "location" : "https://github.com/pointfreeco/swift-dependencies",
      "state" : {
        "revision" : "b476cc5761057d8d857de063fe7ac8daecf5c06b",
        "version" : "1.17.1"
      }
    },
    {
      "identity" : "swift-identified-collections",
      "kind" : "remoteSourceControl",
      "location" : "https://github.com/pointfreeco/swift-identified-collections",
      "state" : {
        "revision" : "322d9ffeeba85c9f7c4984b39422ec7cc3c56597",
        "version" : "1.1.1"
      }
    },
    {
      "identity" : "swift-nio",
      "kind" : "remoteSourceControl",
      "location" : "https://github.com/apple/swift-nio.git",
      "state" : {
        "revision" : "0b18836bd8b0162e7e17a995a3fbee20ed8f3b2b",
        "version" : "2.101.3"
      }
    },
    {
      "identity" : "swift-nio-http2",
      "kind" : "remoteSourceControl",
      "location" : "https://github.com/apple/swift-nio-http2.git",
      "state" : {
        "revision" : "45bdf670248be5f16ec0340e125dca285536f0fb",
        "version" : "1.45.0"
      }
    },
    {
      "identity" : "swift-nio-ssl",
      "kind" : "remoteSourceControl",
      "location" : "https://github.com/apple/swift-nio-ssl.git",
      "state" : {
        "revision" : "d930168b86f46ca51a4bc09c5ca45c1833db8067",
        "version" : "2.37.2"
      }
    },
    {
      "identity" : "swift-perception",
      "kind" : "remoteSourceControl",
      "location" : "https://github.com/pointfreeco/swift-perception",
      "state" : {
        "revision" : "597afd46249f4a71885b95d26b26cc5b893daf32",
        "version" : "2.0.12"
      }
    },
    {
      "identity" : "swift-protobuf",
      "kind" : "remoteSourceControl",
      "location" : "https://github.com/apple/swift-protobuf",
      "state" : {
        "revision" : "55d7a1cc5666b85c13464aea1c4b4a90feccb4c8",
        "version" : "1.38.1"
      }
    },
    {
      "identity" : "swift-sharing",
      "kind" : "remoteSourceControl",
      "location" : "https://github.com/pointfreeco/swift-sharing",
      "state" : {
        "revision" : "4dfe1b9751bb6cd1a34b363310f43b634f8b5645",
        "version" : "2.10.0"
      }
    },
    {
      "identity" : "swift-snapshot-testing",
      "kind" : "remoteSourceControl",
      "location" : "https://github.com/pointfreeco/swift-snapshot-testing",
      "state" : {
        "revision" : "59a99c458de4d2dee580529b61b4f78dca7b7fa6",
        "version" : "1.19.4"
      }
    },
    {
      "identity" : "swift-structured-queries",
      "kind" : "remoteSourceControl",
      "location" : "https://github.com/pointfreeco/swift-structured-queries",
      "state" : {
        "revision" : "d5931a31ae462427b3ef0067b1652f2426ffcc9e",
        "version" : "0.38.1"
      }
    },
    {
      "identity" : "swift-syntax",
      "kind" : "remoteSourceControl",
      "location" : "https://github.com/swiftlang/swift-syntax",
      "state" : {
        "revision" : "79e4b74a295b6eb74a8b585e3a39d29e70c1dbd1",
        "version" : "603.0.2"
      }
    },
    {
      "identity" : "swift-system",
      "kind" : "remoteSourceControl",
      "location" : "https://github.com/apple/swift-system.git",
      "state" : {
        "revision" : "869129b7bf4ecc57b97d0193ad29690ca2134750",
        "version" : "1.8.1"
      }
    },
    {
      "identity" : "xctest-dynamic-overlay",
      "kind" : "remoteSourceControl",
      "location" : "https://github.com/pointfreeco/xctest-dynamic-overlay",
      "state" : {
        "revision" : "d9308ad679143c26a30dec52daefe82f54af2b82",
        "version" : "1.13.1"
      }
    }
  ],
  "version" : 3
}
